
Microsoft Visual Studio Solution File, Format Version 12.00
# Visual Studio Version 17
VisualStudioVersion = 17.14.36414.22 d17.14
MinimumVisualStudioVersion = 10.0.40219.1
Project("{FAE04EC0-301F-11D3-BF4B-00C04F79EFBC}") = "SharepointSchedulerService", "SharepointSchedulerService\SharepointSchedulerService.csproj", "{64648570-67D5-4EAA-9AB3-E55618299A73}"
EndProject
Global
	GlobalSection(SolutionConfigurationPlatforms) = preSolution
		Debug|Any CPU = Debug|Any CPU
		Release|Any CPU = Release|Any CPU
	EndGlobalSection
	GlobalSection(ProjectConfigurationPlatforms) = postSolution
		{64648570-67D5-4EAA-9AB3-E55618299A73}.Debug|Any CPU.ActiveCfg = Debug|Any CPU
		{64648570-67D5-4EAA-9AB3-E55618299A73}.Debug|Any CPU.Build.0 = Debug|Any CPU
		{64648570-67D5-4EAA-9AB3-E55618299A73}.Release|Any CPU.ActiveCfg = Release|Any CPU
		{64648570-67D5-4EAA-9AB3-E55618299A73}.Release|Any CPU.Build.0 = Release|Any CPU
	EndGlobalSection
	GlobalSection(SolutionProperties) = preSolution
		HideSolutionNode = FALSE
	EndGlobalSection
	GlobalSection(ExtensibilityGlobals) = postSolution
		SolutionGuid = {A49C74C3-A60B-449F-937F-BB460DB3B0D1}
	EndGlobalSection
EndGlobal
